
Microsoft Visual Studio Solution File, Format Version 12.00
# Visual Studio Version 17
VisualStudioVersion = 17.0.31410.414
MinimumVisualStudioVersion = 10.0.40219.1
Project("{9A19103F-16F7-4668-BE54-9A1E7A4F7556}") = "Html2Pdf.PlaywrightDotnet.API", "Html2Pdf.PlaywrightDotnet.API\Html2Pdf.PlaywrightDotnet.API.csproj", "{33EFDBF4-D918-4FA7-B4AF-77F993D286D4}"
EndProject
Project("{2150E333-8FDC-42A3-9474-1A3956D46DE8}") = "Solution Items", "Solution Items", "{B9F93611-1008-43E7-8DC1-04E20274E8C6}"
	ProjectSection(SolutionItems) = preProject
		README.md = README.md
	EndProjectSection
EndProject
Project("{FAE04EC0-301F-11D3-BF4B-00C04F79EFBC}") = "Html2Pdf.PlaywrightDotnet.Benchmarks", "Html2Pdf.PlaywrightDotnet.Benchmarks\Html2Pdf.PlaywrightDotnet.Benchmarks.csproj", "{0026D68C-88B2-4A13-9D8D-9394998FE102}"
EndProject
Global
	GlobalSection(SolutionConfigurationPlatforms) = preSolution
		Debug|Any CPU = Debug|Any CPU
		Debug|x64 = Debug|x64
		Debug|x86 = Debug|x86
		Release|Any CPU = Release|Any CPU
		Release|x64 = Release|x64
		Release|x86 = Release|x86
	EndGlobalSection
	GlobalSection(ProjectConfigurationPlatforms) = postSolution
		{33EFDBF4-D918-4FA7-B4AF-77F993D286D4}.Debug|Any CPU.ActiveCfg = Debug|Any CPU
		{33EFDBF4-D918-4FA7-B4AF-77F993D286D4}.Debug|Any CPU.Build.0 = Debug|Any CPU
		{33EFDBF4-D918-4FA7-B4AF-77F993D286D4}.Debug|x64.ActiveCfg = Debug|Any CPU
		{33EFDBF4-D918-4FA7-B4AF-77F993D286D4}.Debug|x64.Build.0 = Debug|Any CPU
		{33EFDBF4-D918-4FA7-B4AF-77F993D286D4}.Debug|x86.ActiveCfg = Debug|Any CPU
		{33EFDBF4-D918-4FA7-B4AF-77F993D286D4}.Debug|x86.Build.0 = Debug|Any CPU
		{33EFDBF4-D918-4FA7-B4AF-77F993D286D4}.Release|Any CPU.ActiveCfg = Release|Any CPU
		{33EFDBF4-D918-4FA7-B4AF-77F993D286D4}.Release|Any CPU.Build.0 = Release|Any CPU
		{33EFDBF4-D918-4FA7-B4AF-77F993D286D4}.Release|x64.ActiveCfg = Release|Any CPU
		{33EFDBF4-D918-4FA7-B4AF-77F993D286D4}.Release|x64.Build.0 = Release|Any CPU
		{33EFDBF4-D918-4FA7-B4AF-77F993D286D4}.Release|x86.ActiveCfg = Release|Any CPU
		{33EFDBF4-D918-4FA7-B4AF-77F993D286D4}.Release|x86.Build.0 = Release|Any CPU
		{0026D68C-88B2-4A13-9D8D-9394998FE102}.Debug|Any CPU.ActiveCfg = Debug|Any CPU
		{0026D68C-88B2-4A13-9D8D-9394998FE102}.Debug|Any CPU.Build.0 = Debug|Any CPU
		{0026D68C-88B2-4A13-9D8D-9394998FE102}.Debug|x64.ActiveCfg = Debug|Any CPU
		{0026D68C-88B2-4A13-9D8D-9394998FE102}.Debug|x64.Build.0 = Debug|Any CPU
		{0026D68C-88B2-4A13-9D8D-9394998FE102}.Debug|x86.ActiveCfg = Debug|Any CPU
		{0026D68C-88B2-4A13-9D8D-9394998FE102}.Debug|x86.Build.0 = Debug|Any CPU
		{0026D68C-88B2-4A13-9D8D-9394998FE102}.Release|Any CPU.ActiveCfg = Release|Any CPU
		{0026D68C-88B2-4A13-9D8D-9394998FE102}.Release|Any CPU.Build.0 = Release|Any CPU
		{0026D68C-88B2-4A13-9D8D-9394998FE102}.Release|x64.ActiveCfg = Release|Any CPU
		{0026D68C-88B2-4A13-9D8D-9394998FE102}.Release|x64.Build.0 = Release|Any CPU
		{0026D68C-88B2-4A13-9D8D-9394998FE102}.Release|x86.ActiveCfg = Release|Any CPU
		{0026D68C-88B2-4A13-9D8D-9394998FE102}.Release|x86.Build.0 = Release|Any CPU
	EndGlobalSection
	GlobalSection(SolutionProperties) = preSolution
		HideSolutionNode = FALSE
	EndGlobalSection
	GlobalSection(ExtensibilityGlobals) = postSolution
		SolutionGuid = {55FDF9AA-CD72-450E-8F99-A01DD54E2BE2}
	EndGlobalSection
EndGlobal
